// !$*UTF8*$!
{
	archiveVersion = 1;
	classes = {
	};
	objectVersion = 46;
	objects = {

/* Begin PBXBuildFile section */
		FD27F7A01C97F19600BD7E0A /* main.m in Sources */ = {isa = PBXBuildFile; fileRef = FD27F79F1C97F19600BD7E0A /* main.m */; };
		FD27F7A31C97F19600BD7E0A /* AppDelegate.m in Sources */ = {isa = PBXBuildFile; fileRef = FD27F7A21C97F19600BD7E0A /* AppDelegate.m */; };
		FD27F7AB1C97F19700BD7E0A /* Assets.xcassets in Resources */ = {isa = PBXBuildFile; fileRef = FD27F7AA1C97F19700BD7E0A /* Assets.xcassets */; };
		FD27F7BC1C9836DA00BD7E0A /* BSTabBarViewController.m in Sources */ = {isa = PBXBuildFile; fileRef = FD27F7BB1C9836DA00BD7E0A /* BSTabBarViewController.m */; };
		FD27F7BF1C984AF800BD7E0A /* BSJHViewController.m in Sources */ = {isa = PBXBuildFile; fileRef = FD27F7BE1C984AF800BD7E0A /* BSJHViewController.m */; };
		FD27F7C21C984B0600BD7E0A /* BSNewViewController.m in Sources */ = {isa = PBXBuildFile; fileRef = FD27F7C11C984B0600BD7E0A /* BSNewViewController.m */; };
		FD27F7C51C984B1A00BD7E0A /* BSFriendsViewController.m in Sources */ = {isa = PBXBuildFile; fileRef = FD27F7C41C984B1A00BD7E0A /* BSFriendsViewController.m */; };
		FD27F7C81C984B2400BD7E0A /* BSMeViewController.m in Sources */ = {isa = PBXBuildFile; fileRef = FD27F7C71C984B2400BD7E0A /* BSMeViewController.m */; };
/* End PBXBuildFile section */

/* Begin PBXFileReference section */
		FD27F79B1C97F19600BD7E0A /* 01-百思不得姐.app */ = {isa = PBXFileReference; explicitFileType = wrapper.application; includeInIndex = 0; path = "01-百思不得姐.app"; sourceTree = BUILT_PRODUCTS_DIR; };
		FD27F79F1C97F19600BD7E0A /* main.m */ = {isa = PBXFileReference; lastKnownFileType = sourcecode.c.objc; path = main.m; sourceTree = "<group>"; };
		FD27F7A11C97F19600BD7E0A /* AppDelegate.h */ = {isa = PBXFileReference; lastKnownFileType = sourcecode.c.h; path = AppDelegate.h; sourceTree = "<group>"; };
		FD27F7A21C97F19600BD7E0A /* AppDelegate.m */ = {isa = PBXFileReference; lastKnownFileType = sourcecode.c.objc; path = AppDelegate.m; sourceTree = "<group>"; };
		FD27F7AA1C97F19700BD7E0A /* Assets.xcassets */ = {isa = PBXFileReference; lastKnownFileType = folder.assetcatalog; path = Assets.xcassets; sourceTree = "<group>"; };
		FD27F7AF1C97F19700BD7E0A /* Info.plist */ = {isa = PBXFileReference; lastKnownFileType = text.plist.xml; path = Info.plist; sourceTree = "<group>"; };
		FD27F7BA1C9836DA00BD7E0A /* BSTabBarViewController.h */ = {isa = PBXFileReference; fileEncoding = 4; lastKnownFileType = sourcecode.c.h; path = BSTabBarViewController.h; sourceTree = "<group>"; };
		FD27F7BB1C9836DA00BD7E0A /* BSTabBarViewController.m */ = {isa = PBXFileReference; fileEncoding = 4; lastKnownFileType = sourcecode.c.objc; path = BSTabBarViewController.m; sourceTree = "<group>"; };
		FD27F7BD1C984AF800BD7E0A /* BSJHViewController.h */ = {isa = PBXFileReference; fileEncoding = 4; lastKnownFileType = sourcecode.c.h; path = BSJHViewController.h; sourceTree = "<group>"; };
		FD27F7BE1C984AF800BD7E0A /* BSJHViewController.m */ = {isa = PBXFileReference; fileEncoding = 4; lastKnownFileType = sourcecode.c.objc; path = BSJHViewController.m; sourceTree = "<group>"; };
		FD27F7C01C984B0600BD7E0A /* BSNewViewController.h */ = {isa = PBXFileReference; fileEncoding = 4; lastKnownFileType = sourcecode.c.h; path = BSNewViewController.h; sourceTree = "<group>"; };
		FD27F7C11C984B0600BD7E0A /* BSNewViewController.m */ = {isa = PBXFileReference; fileEncoding = 4; lastKnownFileType = sourcecode.c.objc; path = BSNewViewController.m; sourceTree = "<group>"; };
		FD27F7C31C984B1A00BD7E0A /* BSFriendsViewController.h */ = {isa = PBXFileReference; fileEncoding = 4; lastKnownFileType = sourcecode.c.h; path = BSFriendsViewController.h; sourceTree = "<group>"; };
		FD27F7C41C984B1A00BD7E0A /* BSFriendsViewController.m */ = {isa = PBXFileReference; fileEncoding = 4; lastKnownFileType = sourcecode.c.objc; path = BSFriendsViewController.m; sourceTree = "<group>"; };
		FD27F7C61C984B2400BD7E0A /* BSMeViewController.h */ = {isa = PBXFileReference; fileEncoding = 4; lastKnownFileType = sourcecode.c.h; path = BSMeViewController.h; sourceTree = "<group>"; };
		FD27F7C71C984B2400BD7E0A /* BSMeViewController.m */ = {isa = PBXFileReference; fileEncoding = 4; lastKnownFileType = sourcecode.c.objc; path = BSMeViewController.m; sourceTree = "<group>"; };
/* End PBXFileReference section */

/* Begin PBXFrameworksBuildPhase section */
		FD27F7981C97F19600BD7E0A /* Frameworks */ = {
			isa = PBXFrameworksBuildPhase;
			buildActionMask = 2147483647;
			files = (
			);
			runOnlyForDeploymentPostprocessing = 0;
		};
/* End PBXFrameworksBuildPhase section */

/* Begin PBXGroup section */
		FD27F7921C97F19600BD7E0A = {
			isa = PBXGroup;
			children = (
				FD27F79D1C97F19600BD7E0A /* 01-百思不得姐 */,
				FD27F79C1C97F19600BD7E0A /* Products */,
			);
			sourceTree = "<group>";
		};
		FD27F79C1C97F19600BD7E0A /* Products */ = {
			isa = PBXGroup;
			children = (
				FD27F79B1C97F19600BD7E0A /* 01-百思不得姐.app */,
			);
			name = Products;
			sourceTree = "<group>";
		};
		FD27F79D1C97F19600BD7E0A /* 01-百思不得姐 */ = {
			isa = PBXGroup;
			children = (
				FD27F7A11C97F19600BD7E0A /* AppDelegate.h */,
				FD27F7A21C97F19600BD7E0A /* AppDelegate.m */,
				FD27F7BA1C9836DA00BD7E0A /* BSTabBarViewController.h */,
				FD27F7BB1C9836DA00BD7E0A /* BSTabBarViewController.m */,
				FD27F7BD1C984AF800BD7E0A /* BSJHViewController.h */,
				FD27F7BE1C984AF800BD7E0A /* BSJHViewController.m */,
				FD27F7C01C984B0600BD7E0A /* BSNewViewController.h */,
				FD27F7C11C984B0600BD7E0A /* BSNewViewController.m */,
				FD27F7C31C984B1A00BD7E0A /* BSFriendsViewController.h */,
				FD27F7C41C984B1A00BD7E0A /* BSFriendsViewController.m */,
				FD27F7C61C984B2400BD7E0A /* BSMeViewController.h */,
				FD27F7C71C984B2400BD7E0A /* BSMeViewController.m */,
				FD27F7AA1C97F19700BD7E0A /* Assets.xcassets */,
				FD27F7AF1C97F19700BD7E0A /* Info.plist */,
				FD27F79E1C97F19600BD7E0A /* Supporting Files */,
			);
			path = "01-百思不得姐";
			sourceTree = "<group>";
		};
		FD27F79E1C97F19600BD7E0A /* Supporting Files */ = {
			isa = PBXGroup;
			children = (
				FD27F79F1C97F19600BD7E0A /* main.m */,
			);
			name = "Supporting Files";
			sourceTree = "<group>";
		};
/* End PBXGroup section */

/* Begin PBXNativeTarget section */
		FD27F79A1C97F19600BD7E0A /* 01-百思不得姐 */ = {
			isa = PBXNativeTarget;
			buildConfigurationList = FD27F7B21C97F19700BD7E0A /* Build configuration list for PBXNativeTarget "01-百思不得姐" */;
			buildPhases = (
				FD27F7971C97F19600BD7E0A /* Sources */,
				FD27F7981C97F19600BD7E0A /* Frameworks */,
				FD27F7991C97F19600BD7E0A /* Resources */,
			);
			buildRules = (
			);
			dependencies = (
			);
			name = "01-百思不得姐";
			productName = "01-百思不得姐";
			productReference = FD27F79B1C97F19600BD7E0A /* 01-百思不得姐.app */;
			productType = "com.apple.product-type.application";
		};
/* End PBXNativeTarget section */

/* Begin PBXProject section */
		FD27F7931C97F19600BD7E0A /* Project object */ = {
			isa = PBXProject;
			attributes = {
				CLASSPREFIX = BS;
				LastUpgradeCheck = 0720;
				ORGANIZATIONNAME = KING;
				TargetAttributes = {
					FD27F79A1C97F19600BD7E0A = {
						CreatedOnToolsVersion = 7.2.1;
					};
				};
			};
			buildConfigurationList = FD27F7961C97F19600BD7E0A /* Build configuration list for PBXProject "01-百思不得姐" */;
			compatibilityVersion = "Xcode 3.2";
			developmentRegion = English;
			hasScannedForEncodings = 0;
			knownRegions = (
				en,
				Base,
			);
			mainGroup = FD27F7921C97F19600BD7E0A;
			productRefGroup = FD27F79C1C97F19600BD7E0A /* Products */;
			projectDirPath = "";
			projectRoot = "";
			targets = (
				FD27F79A1C97F19600BD7E0A /* 01-百思不得姐 */,
			);
		};
/* End PBXProject section */

/* Begin PBXResourcesBuildPhase section */
		FD27F7991C97F19600BD7E0A /* Resources */ = {
			isa = PBXResourcesBuildPhase;
			buildActionMask = 2147483647;
			files = (
				FD27F7AB1C97F19700BD7E0A /* Assets.xcassets in Resources */,
			);
			runOnlyForDeploymentPostprocessing = 0;
		};
/* End PBXResourcesBuildPhase section */

/* Begin PBXSourcesBuildPhase section */
		FD27F7971C97F19600BD7E0A /* Sources */ = {
			isa = PBXSourcesBuildPhase;
			buildActionMask = 2147483647;
			files = (
				FD27F7BC1C9836DA00BD7E0A /* BSTabBarViewController.m in Sources */,
				FD27F7BF1C984AF800BD7E0A /* BSJHViewController.m in Sources */,
				FD27F7C81C984B2400BD7E0A /* BSMeViewController.m in Sources */,
				FD27F7A31C97F19600BD7E0A /* AppDelegate.m in Sources */,
				FD27F7C51C984B1A00BD7E0A /* BSFriendsViewController.m in Sources */,
				FD27F7A01C97F19600BD7E0A /* main.m in Sources */,
				FD27F7C21C984B0600BD7E0A /* BSNewViewController.m in Sources */,
			);
			runOnlyForDeploymentPostprocessing = 0;
		};
/* End PBXSourcesBuildPhase section */

/* Begin XCBuildConfiguration section */
		FD27F7B01C97F19700BD7E0A /* Debug */ = {
			isa = XCBuildConfiguration;
			buildSettings = {
				ALWAYS_SEARCH_USER_PATHS = NO;
				CLANG_CXX_LANGUAGE_STANDARD = "gnu++0x";
				CLANG_CXX_LIBRARY = "libc++";
				CLANG_ENABLE_MODULES = YES;
				CLANG_ENABLE_OBJC_ARC = YES;
				CLANG_WARN_BOOL_CONVERSION = YES;
				CLANG_WARN_CONSTANT_CONVERSION = YES;
				CLANG_WARN_DIRECT_OBJC_ISA_USAGE = YES_ERROR;
				CLANG_WARN_EMPTY_BODY = YES;
				CLANG_WARN_ENUM_CONVERSION = YES;
				CLANG_WARN_INT_CONVERSION = YES;
				CLANG_WARN_OBJC_ROOT_CLASS = YES_ERROR;
				CLANG_WARN_UNREACHABLE_CODE = YES;
				CLANG_WARN__DUPLICATE_METHOD_MATCH = YES;
				"CODE_SIGN_IDENTITY[sdk=iphoneos*]" = "iPhone Developer";
				COPY_PHASE_STRIP = NO;
				DEBUG_INFORMATION_FORMAT = dwarf;
				ENABLE_STRICT_OBJC_MSGSEND = YES;
				ENABLE_TESTABILITY = YES;
				GCC_C_LANGUAGE_STANDARD = gnu99;
				GCC_DYNAMIC_NO_PIC = NO;
				GCC_NO_COMMON_BLOCKS = YES;
				GCC_OPTIMIZATION_LEVEL = 0;
				GCC_PREPROCESSOR_DEFINITIONS = (
					"DEBUG=1",
					"$(inherited)",
				);
				GCC_WARN_64_TO_32_BIT_CONVERSION = YES;
				GCC_WARN_ABOUT_RETURN_TYPE = YES_ERROR;
				GCC_WARN_UNDECLARED_SELECTOR = YES;
				GCC_WARN_UNINITIALIZED_AUTOS = YES_AGGRESSIVE;
				GCC_WARN_UNUSED_FUNCTION = YES;
				GCC_WARN_UNUSED_VARIABLE = YES;
				IPHONEOS_DEPLOYMENT_TARGET = 9.2;
				MTL_ENABLE_DEBUG_INFO = YES;
				ONLY_ACTIVE_ARCH = YES;
				SDKROOT = iphoneos;
			};
			name = Debug;
		};
		FD27F7B11C97F19700BD7E0A /* Release */ = {
			isa = XCBuildConfiguration;
			buildSettings = {
				ALWAYS_SEARCH_USER_PATHS = NO;
				CLANG_CXX_LANGUAGE_STANDARD = "gnu++0x";
				CLANG_CXX_LIBRARY = "libc++";
				CLANG_ENABLE_MODULES = YES;
				CLANG_ENABLE_OBJC_ARC = YES;
				CLANG_WARN_BOOL_CONVERSION = YES;
				CLANG_WARN_CONSTANT_CONVERSION = YES;
				CLANG_WARN_DIRECT_OBJC_ISA_USAGE = YES_ERROR;
				CLANG_WARN_EMPTY_BODY = YES;
				CLANG_WARN_ENUM_CONVERSION = YES;
				CLANG_WARN_INT_CONVERSION = YES;
				CLANG_WARN_OBJC_ROOT_CLASS = YES_ERROR;
				CLANG_WARN_UNREACHABLE_CODE = YES;
				CLANG_WARN__DUPLICATE_METHOD_MATCH = YES;
				"CODE_SIGN_IDENTITY[sdk=iphoneos*]" = "iPhone Developer";
				COPY_PHASE_STRIP = NO;
				DEBUG_INFORMATION_FORMAT = "dwarf-with-dsym";
				ENABLE_NS_ASSERTIONS = NO;
				ENABLE_STRICT_OBJC_MSGSEND = YES;
				GCC_C_LANGUAGE_STANDARD = gnu99;
				GCC_NO_COMMON_BLOCKS = YES;
				GCC_WARN_64_TO_32_BIT_CONVERSION = YES;
				GCC_WARN_ABOUT_RETURN_TYPE = YES_ERROR;
				GCC_WARN_UNDECLARED_SELECTOR = YES;
				GCC_WARN_UNINITIALIZED_AUTOS = YES_AGGRESSIVE;
				GCC_WARN_UNUSED_FUNCTION = YES;
				GCC_WARN_UNUSED_VARIABLE = YES;
				IPHONEOS_DEPLOYMENT_TARGET = 9.2;
				MTL_ENABLE_DEBUG_INFO = NO;
				SDKROOT = iphoneos;
				VALIDATE_PRODUCT = YES;
			};
			name = Release;
		};
		FD27F7B31C97F19700BD7E0A /* Debug */ = {
			isa = XCBuildConfiguration;
			buildSettings = {
				ASSETCATALOG_COMPILER_APPICON_NAME = AppIcon;
				ASSETCATALOG_COMPILER_LAUNCHIMAGE_NAME = "Brand Assets";
				INFOPLIST_FILE = "01-百思不得姐/Info.plist";
				LD_RUNPATH_SEARCH_PATHS = "$(inherited) @executable_path/Frameworks";
				PRODUCT_BUNDLE_IDENTIFIER = "KING.-1------";
				PRODUCT_NAME = "$(TARGET_NAME)";
			};
			name = Debug;
		};
		FD27F7B41C97F19700BD7E0A /* Release */ = {
			isa = XCBuildConfiguration;
			buildSettings = {
				ASSETCATALOG_COMPILER_APPICON_NAME = AppIcon;
				ASSETCATALOG_COMPILER_LAUNCHIMAGE_NAME = "Brand Assets";
				INFOPLIST_FILE = "01-百思不得姐/Info.plist";
				LD_RUNPATH_SEARCH_PATHS = "$(inherited) @executable_path/Frameworks";
				PRODUCT_BUNDLE_IDENTIFIER = "KING.-1------";
				PRODUCT_NAME = "$(TARGET_NAME)";
			};
			name = Release;
		};
/* End XCBuildConfiguration section */

/* Begin XCConfigurationList section */
		FD27F7961C97F19600BD7E0A /* Build configuration list for PBXProject "01-百思不得姐" */ = {
			isa = XCConfigurationList;
			buildConfigurations = (
				FD27F7B01C97F19700BD7E0A /* Debug */,
				FD27F7B11C97F19700BD7E0A /* Release */,
			);
			defaultConfigurationIsVisible = 0;
			defaultConfigurationName = Release;
		};
		FD27F7B21C97F19700BD7E0A /* Build configuration list for PBXNativeTarget "01-百思不得姐" */ = {
			isa = XCConfigurationList;
			buildConfigurations = (
				FD27F7B31C97F19700BD7E0A /* Debug */,
				FD27F7B41C97F19700BD7E0A /* Release */,
			);
			defaultConfigurationIsVisible = 0;
		};
/* End XCConfigurationList section */
	};
	rootObject = FD27F7931C97F19600BD7E0A /* Project object */;
}
